
Microsoft Visual Studio Solution File, Format Version 12.00
# Visual Studio 15
VisualStudioVersion = 15.0.26228.4
MinimumVisualStudioVersion = 10.0.40219.1
Project("{9A19103F-16F7-4668-BE54-9A1E7A4F7556}") = "Zuehlke.ExpenseReporting", "Zuehlke.ExpenseReporting\Zuehlke.ExpenseReporting.csproj", "{BC2738A2-5EDC-4D8C-B2FC-5B4B8265DA9F}"
EndProject
Project("{9A19103F-16F7-4668-BE54-9A1E7A4F7556}") = "Zuehlke.ExpenseReporting.Test", "Zuehlke.ExpenseReporting.Test\Zuehlke.ExpenseReporting.Test.csproj", "{F6C03E42-DDF3-4DD4-A6CC-7DD1F3B1A0C7}"
EndProject
Global
	GlobalSection(SolutionConfigurationPlatforms) = preSolution
		Debug|Any CPU = Debug|Any CPU
		Release|Any CPU = Release|Any CPU
	EndGlobalSection
	GlobalSection(ProjectConfigurationPlatforms) = postSolution
		{BC2738A2-5EDC-4D8C-B2FC-5B4B8265DA9F}.Debug|Any CPU.ActiveCfg = Debug|Any CPU
		{BC2738A2-5EDC-4D8C-B2FC-5B4B8265DA9F}.Debug|Any CPU.Build.0 = Debug|Any CPU
		{BC2738A2-5EDC-4D8C-B2FC-5B4B8265DA9F}.Release|Any CPU.ActiveCfg = Release|Any CPU
		{BC2738A2-5EDC-4D8C-B2FC-5B4B8265DA9F}.Release|Any CPU.Build.0 = Release|Any CPU
		{F6C03E42-DDF3-4DD4-A6CC-7DD1F3B1A0C7}.Debug|Any CPU.ActiveCfg = Debug|Any CPU
		{F6C03E42-DDF3-4DD4-A6CC-7DD1F3B1A0C7}.Debug|Any CPU.Build.0 = Debug|Any CPU
		{F6C03E42-DDF3-4DD4-A6CC-7DD1F3B1A0C7}.Release|Any CPU.ActiveCfg = Release|Any CPU
		{F6C03E42-DDF3-4DD4-A6CC-7DD1F3B1A0C7}.Release|Any CPU.Build.0 = Release|Any CPU
	EndGlobalSection
	GlobalSection(SolutionProperties) = preSolution
		HideSolutionNode = FALSE
	EndGlobalSection
EndGlobal
